
Microsoft Visual Studio Solution File, Format Version 12.00
# Visual Studio Version 17
VisualStudioVersion = 17.14.36301.6
MinimumVisualStudioVersion = 10.0.40219.1
Project("{FAE04EC0-301F-11D3-BF4B-00C04F79EFBC}") = "PVC stolarija", "PVC stolarija.csproj", "{86E82A6E-3A96-45E3-8FC4-065A28448EDD}"
EndProject
Project("{FAE04EC0-301F-11D3-BF4B-00C04F79EFBC}") = "xUnit Test Project", "..\xUnit Test Project\xUnit Test Project.csproj", "{6DF42648-2C54-459E-A85B-749ED13DDDE5}"
EndProject
Global
	GlobalSection(SolutionConfigurationPlatforms) = preSolution
		Debug|Any CPU = Debug|Any CPU
		Release|Any CPU = Release|Any CPU
	EndGlobalSection
	GlobalSection(ProjectConfigurationPlatforms) = postSolution
		{86E82A6E-3A96-45E3-8FC4-065A28448EDD}.Debug|Any CPU.ActiveCfg = Debug|Any CPU
		{86E82A6E-3A96-45E3-8FC4-065A28448EDD}.Debug|Any CPU.Build.0 = Debug|Any CPU
		{86E82A6E-3A96-45E3-8FC4-065A28448EDD}.Release|Any CPU.ActiveCfg = Release|Any CPU
		{86E82A6E-3A96-45E3-8FC4-065A28448EDD}.Release|Any CPU.Build.0 = Release|Any CPU
		{6DF42648-2C54-459E-A85B-749ED13DDDE5}.Debug|Any CPU.ActiveCfg = Debug|Any CPU
		{6DF42648-2C54-459E-A85B-749ED13DDDE5}.Debug|Any CPU.Build.0 = Debug|Any CPU
		{6DF42648-2C54-459E-A85B-749ED13DDDE5}.Release|Any CPU.ActiveCfg = Release|Any CPU
		{6DF42648-2C54-459E-A85B-749ED13DDDE5}.Release|Any CPU.Build.0 = Release|Any CPU
	EndGlobalSection
	GlobalSection(SolutionProperties) = preSolution
		HideSolutionNode = FALSE
	EndGlobalSection
	GlobalSection(ExtensibilityGlobals) = postSolution
		SolutionGuid = {3AB1522F-7463-4C53-A0FB-F5A424D3B92D}
	EndGlobalSection
EndGlobal
